{
  "name": "tmp-grapesjs",
  "version": "1.0.0",
  "lockfileVersion": 2,
  "requires": true,
  "packages": {
    "": {
      "name": "tmp-grapesjs",
      "version": "1.0.0",
      "license": "ISC",
      "dependencies": {
        "grapesjs": "^0.17.27"
      }
    },
    "node_modules/backbone": {
      "version": "1.3.3",
      "resolved": "https://registry.npmjs.org/backbone/-/backbone-1.3.3.tgz",
      "integrity": "sha1-TMgOp8sWMaxHSInOQPL4vGg7KZk=",
      "dependencies": {
        "underscore": ">=1.8.3"
      }
    },
    "node_modules/backbone-undo": {
      "version": "0.2.5",
      "resolved": "https://registry.npmjs.org/backbone-undo/-/backbone-undo-0.2.5.tgz",
      "integrity": "sha1-VbJSMPkDGcpiJGXomoAki4k8LOI=",
      "dependencies": {
        "backbone": "1.0.0 - 1.2.1",
        "underscore": "1.4.4 - 1.8.3"
      }
    },
    "node_modules/backbone-undo/node_modules/backbone": {
      "version": "1.2.1",
      "resolved": "https://registry.npmjs.org/backbone/-/backbone-1.2.1.tgz",
      "integrity": "sha1-1yGcXtSeXhMdv/ryXJbW0sw8oD4=",
      "dependencies": {
        "underscore": ">=1.7.0"
      }
    },
    "node_modules/backbone-undo/node_modules/underscore": {
      "version": "1.8.3",
      "resolved": "https://registry.npmjs.org/underscore/-/underscore-1.8.3.tgz",
      "integrity": "sha1-Tz+1OxBuYJf8+ctBCfKl6b36UCI="
    },
    "node_modules/cash-dom": {
      "version": "2.3.9",
      "resolved": "https://registry.npmjs.org/cash-dom/-/cash-dom-2.3.9.tgz",
      "integrity": "sha512-2a4/LSFQPMbLhBYiJ5Z5rEz5Pic8jMVUqkqZ42w01gkopVUnxnaJcvZifcx6QFykJyWDsUWfISt4xRSyjAaK9w=="
    },
    "node_modules/codemirror": {
      "version": "5.63.1",
      "resolved": "https://registry.npmjs.org/codemirror/-/codemirror-5.63.1.tgz",
      "integrity": "sha512-baivaNZreZOGh1/tYyTvCupC9NeWk7qlZeGUDi4nFKj/J0JU8FYKZND4QqLw70P7HOttlCt4JJAOj9GoIhHEkA=="
    },
    "node_modules/codemirror-formatting": {
      "version": "1.0.0",
      "resolved": "https://registry.npmjs.org/codemirror-formatting/-/codemirror-formatting-1.0.0.tgz",
      "integrity": "sha1-h5zB/dkBg0PB1VEXac5TYNcF6/I="
    },
    "node_modules/grapesjs": {
      "version": "0.17.27",
      "resolved": "https://registry.npmjs.org/grapesjs/-/grapesjs-0.17.27.tgz",
      "integrity": "sha512-CVp0tJF+e3vWMvCNwYCTpaRwcd2EH9hcQ/gOQpXlORjC78oCAHjtSSsOfxg+1QQXCqob5l8+5UjYX8XQwBQC6A==",
      "dependencies": {
        "backbone": "1.3.3",
        "backbone-undo": "^0.2.5",
        "cash-dom": "^2.3.9",
        "codemirror": "^5.63.0",
        "codemirror-formatting": "^1.0.0",
        "promise-polyfill": "^8.1.3",
        "spectrum-colorpicker": "^1.8.0",
        "underscore": "^1.13.1"
      }
    },
    "node_modules/promise-polyfill": {
      "version": "8.2.0",
      "resolved": "https://registry.npmjs.org/promise-polyfill/-/promise-polyfill-8.2.0.tgz",
      "integrity": "sha512-k/TC0mIcPVF6yHhUvwAp7cvL6I2fFV7TzF1DuGPI8mBh4QQazf36xCKEHKTZKRysEoTQoQdKyP25J8MPJp7j5g=="
    },
    "node_modules/spectrum-colorpicker": {
      "version": "1.8.1",
      "resolved": "https://registry.npmjs.org/spectrum-colorpicker/-/spectrum-colorpicker-1.8.1.tgz",
      "integrity": "sha512-x1picQ5giVso71ESII7jZ3+ZFdit8WthNkzwJqLNdPDPzrltKUQGpTohWyPfSAID+bK1zGdO6bDbSh1S6GoLYA=="
    },
    "node_modules/underscore": {
      "version": "1.13.1",
      "resolved": "https://registry.npmjs.org/underscore/-/underscore-1.13.1.tgz",
      "integrity": "sha512-hzSoAVtJF+3ZtiFX0VgfFPHEDRm7Y/QPjGyNo4TVdnDTdft3tr8hEkD25a1jC+TjTuE7tkHGKkhwCgs9dgBB2g=="
    }
  },
  "dependencies": {
    "backbone": {
      "version": "1.3.3",
      "resolved": "https://registry.npmjs.org/backbone/-/backbone-1.3.3.tgz",
      "integrity": "sha1-TMgOp8sWMaxHSInOQPL4vGg7KZk=",
      "requires": {
        "underscore": ">=1.8.3"
      }
    },
    "backbone-undo": {
      "version": "0.2.5",
      "resolved": "https://registry.npmjs.org/backbone-undo/-/backbone-undo-0.2.5.tgz",
      "integrity": "sha1-VbJSMPkDGcpiJGXomoAki4k8LOI=",
      "requires": {
        "backbone": "1.0.0 - 1.2.1",
        "underscore": "1.4.4 - 1.8.3"
      },
      "dependencies": {
        "backbone": {
          "version": "1.2.1",
          "resolved": "https://registry.npmjs.org/backbone/-/backbone-1.2.1.tgz",
          "integrity": "sha1-1yGcXtSeXhMdv/ryXJbW0sw8oD4=",
          "requires": {
            "underscore": ">=1.7.0"
          }
        },
        "underscore": {
          "version": "1.8.3",
          "resolved": "https://registry.npmjs.org/underscore/-/underscore-1.8.3.tgz",
          "integrity": "sha1-Tz+1OxBuYJf8+ctBCfKl6b36UCI="
        }
      }
    },
    "cash-dom": {
      "version": "2.3.9",
      "resolved": "https://registry.npmjs.org/cash-dom/-/cash-dom-2.3.9.tgz",
      "integrity": "sha512-2a4/LSFQPMbLhBYiJ5Z5rEz5Pic8jMVUqkqZ42w01gkopVUnxnaJcvZifcx6QFykJyWDsUWfISt4xRSyjAaK9w=="
    },
    "codemirror": {
      "version": "5.63.1",
      "resolved": "https://registry.npmjs.org/codemirror/-/codemirror-5.63.1.tgz",
      "integrity": "sha512-baivaNZreZOGh1/tYyTvCupC9NeWk7qlZeGUDi4nFKj/J0JU8FYKZND4QqLw70P7HOttlCt4JJAOj9GoIhHEkA=="
    },
    "codemirror-formatting": {
      "version": "1.0.0",
      "resolved": "https://registry.npmjs.org/codemirror-formatting/-/codemirror-formatting-1.0.0.tgz",
      "integrity": "sha1-h5zB/dkBg0PB1VEXac5TYNcF6/I="
    },
    "grapesjs": {
      "version": "0.17.27",
      "resolved": "https://registry.npmjs.org/grapesjs/-/grapesjs-0.17.27.tgz",
      "integrity": "sha512-CVp0tJF+e3vWMvCNwYCTpaRwcd2EH9hcQ/gOQpXlORjC78oCAHjtSSsOfxg+1QQXCqob5l8+5UjYX8XQwBQC6A==",
      "requires": {
        "backbone": "1.3.3",
        "backbone-undo": "^0.2.5",
        "cash-dom": "^2.3.9",
        "codemirror": "^5.63.0",
        "codemirror-formatting": "^1.0.0",
        "promise-polyfill": "^8.1.3",
        "spectrum-colorpicker": "^1.8.0",
        "underscore": "^1.13.1"
      }
    },
    "promise-polyfill": {
      "version": "8.2.0",
      "resolved": "https://registry.npmjs.org/promise-polyfill/-/promise-polyfill-8.2.0.tgz",
      "integrity": "sha512-k/TC0mIcPVF6yHhUvwAp7cvL6I2fFV7TzF1DuGPI8mBh4QQazf36xCKEHKTZKRysEoTQoQdKyP25J8MPJp7j5g=="
    },
    "spectrum-colorpicker": {
      "version": "1.8.1",
      "resolved": "https://registry.npmjs.org/spectrum-colorpicker/-/spectrum-colorpicker-1.8.1.tgz",
      "integrity": "sha512-x1picQ5giVso71ESII7jZ3+ZFdit8WthNkzwJqLNdPDPzrltKUQGpTohWyPfSAID+bK1zGdO6bDbSh1S6GoLYA=="
    },
    "underscore": {
      "version": "1.13.1",
      "resolved": "https://registry.npmjs.org/underscore/-/underscore-1.13.1.tgz",
      "integrity": "sha512-hzSoAVtJF+3ZtiFX0VgfFPHEDRm7Y/QPjGyNo4TVdnDTdft3tr8hEkD25a1jC+TjTuE7tkHGKkhwCgs9dgBB2g=="
    }
  }
}
